// !$*UTF8*$!
{
	archiveVersion = 1;
	classes = {
	};
	objectVersion = 38;
	objects = {
		080E96DCFE201CFB7F000001 = {
			fileRef = 29B97318FDCFA39411CA2CEA;
			isa = PBXBuildFile;
			settings = {
			};
		};
		080E96DDFE201D6D7F000001 = {
			children = (
				D4C0C2FD054BD23800000057,
				D4C0C2FE054BD23800000057,
			);
			isa = PBXGroup;
			name = Classes;
			refType = 4;
		};
		089C165CFE840E0CC02AAC07 = {
			children = (
				089C165DFE840E0CC02AAC07,
			);
			isa = PBXVariantGroup;
			name = InfoPlist.strings;
			refType = 4;
		};
		089C165DFE840E0CC02AAC07 = {
			fileEncoding = 10;
			isa = PBXFileReference;
			name = English;
			path = English.lproj/InfoPlist.strings;
			refType = 4;
		};
		089C165EFE840E0CC02AAC07 = {
			fileRef = 089C165CFE840E0CC02AAC07;
			isa = PBXBuildFile;
			settings = {
			};
		};
//080
//081
//082
//083
//084
//100
//101
//102
//103
//104
		1058C7A0FEA54F0111CA2CBB = {
			children = (
				1058C7A1FEA54F0111CA2CBB,
			);
			isa = PBXGroup;
			name = "Linked Frameworks";
			refType = 4;
		};
		1058C7A1FEA54F0111CA2CBB = {
			isa = PBXFrameworkReference;
			name = Cocoa.framework;
			path = /System/Library/Frameworks/Cocoa.framework;
			refType = 0;
		};
		1058C7A2FEA54F0111CA2CBB = {
			children = (
				29B97325FDCFA39411CA2CEA,
				29B97324FDCFA39411CA2CEA,
			);
			isa = PBXGroup;
			name = "Other Frameworks";
			refType = 4;
		};
		1058C7A3FEA54F0111CA2CBB = {
			fileRef = 1058C7A1FEA54F0111CA2CBB;
			isa = PBXBuildFile;
			settings = {
			};
		};
//100
//101
//102
//103
//104
//170
//171
//172
//173
//174
		17587328FF379C6511CA2CBB = {
			isa = PBXApplicationReference;
			path = WaikikiX.app;
			refType = 3;
		};
//170
//171
//172
//173
//174
//190
//191
//192
//193
//194
		19C28FACFE9D520D11CA2CBB = {
			children = (
				17587328FF379C6511CA2CBB,
			);
			isa = PBXGroup;
			name = Products;
			refType = 4;
		};
//190
//191
//192
//193
//194
//290
//291
//292
//293
//294
		29B97313FDCFA39411CA2CEA = {
			buildStyles = (
				4A9504CCFFE6A4B311CA0CBA,
				4A9504CDFFE6A4B311CA0CBA,
			);
			hasScannedForEncodings = 1;
			isa = PBXProject;
			mainGroup = 29B97314FDCFA39411CA2CEA;
			projectDirPath = "";
			targets = (
				29B97326FDCFA39411CA2CEA,
				D45D7FCD054D511900000057,
			);
		};
		29B97314FDCFA39411CA2CEA = {
			children = (
				080E96DDFE201D6D7F000001,
				29B97315FDCFA39411CA2CEA,
				29B97317FDCFA39411CA2CEA,
				29B97323FDCFA39411CA2CEA,
				19C28FACFE9D520D11CA2CBB,
				D45F69EA0552090200FE6F31,
			);
			isa = PBXGroup;
			name = WaikikiX;
			path = "";
			refType = 4;
		};
		29B97315FDCFA39411CA2CEA = {
			children = (
				32CA4F630368D1EE00C91783,
				29B97316FDCFA39411CA2CEA,
				D45D7FD2054D519C00000057,
			);
			isa = PBXGroup;
			name = "Other Sources";
			path = "";
			refType = 4;
		};
		29B97316FDCFA39411CA2CEA = {
			fileEncoding = 30;
			isa = PBXFileReference;
			path = main.m;
			refType = 4;
		};
		29B97317FDCFA39411CA2CEA = {
			children = (
				29B97318FDCFA39411CA2CEA,
				089C165CFE840E0CC02AAC07,
				D4C0C321054D2D1200000057,
				D4CE31EE054D46DE00000057,
				D45D7FC4054D4C7D00000057,
				D45D7FCE054D511900000057,
				D4D5739A054E1AD100000057,
			);
			isa = PBXGroup;
			name = Resources;
			path = "";
			refType = 4;
		};
		29B97318FDCFA39411CA2CEA = {
			children = (
				29B97319FDCFA39411CA2CEA,
			);
			isa = PBXVariantGroup;
			name = MainMenu.nib;
			path = "";
			refType = 4;
		};
		29B97319FDCFA39411CA2CEA = {
			isa = PBXFileReference;
			name = English;
			path = English.lproj/MainMenu.nib;
			refType = 4;
		};
		29B97323FDCFA39411CA2CEA = {
			children = (
				1058C7A0FEA54F0111CA2CBB,
				1058C7A2FEA54F0111CA2CBB,
			);
			isa = PBXGroup;
			name = Frameworks;
			path = "";
			refType = 4;
		};
		29B97324FDCFA39411CA2CEA = {
			isa = PBXFrameworkReference;
			name = AppKit.framework;
			path = /System/Library/Frameworks/AppKit.framework;
			refType = 0;
		};
		29B97325FDCFA39411CA2CEA = {
			isa = PBXFrameworkReference;
			name = Foundation.framework;
			path = /System/Library/Frameworks/Foundation.framework;
			refType = 0;
		};
		29B97326FDCFA39411CA2CEA = {
			buildPhases = (
				29B97327FDCFA39411CA2CEA,
				29B97328FDCFA39411CA2CEA,
				29B9732BFDCFA39411CA2CEA,
				29B9732DFDCFA39411CA2CEA,
			);
			buildSettings = {
				FRAMEWORK_SEARCH_PATHS = "";
				HEADER_SEARCH_PATHS = "";
				INSTALL_PATH = "$(HOME)/Applications";
				LIBRARY_SEARCH_PATHS = "";
				OTHER_CFLAGS = "";
				OTHER_LDFLAGS = "-lhttpd";
				PRECOMPILE_PREFIX_HEADER = YES;
				PREFIX_HEADER = WaikikiX_Prefix.h;
				PRODUCT_NAME = WaikikiX;
				SECTORDER_FLAGS = "";
				WARNING_CFLAGS = "-Wmost -Wno-four-char-constants -Wno-unknown-pragmas";
				WRAPPER_EXTENSION = app;
			};
			dependencies = (
			);
			isa = PBXApplicationTarget;
			name = WaikikiX;
			productInstallPath = "$(HOME)/Applications";
			productName = WaikikiX;
			productReference = 17587328FF379C6511CA2CBB;
			productSettingsXML = "<?xml version=\"1.0\" encoding=\"UTF-8\"?>
<!DOCTYPE plist PUBLIC \"-//Apple Computer//DTD PLIST 1.0//EN\" \"http://www.apple.com/DTDs/PropertyList-1.0.dtd\">
<plist version=\"1.0\">
<dict>
	<key>CFBundleDevelopmentRegion</key>
	<string>English</string>
	<key>CFBundleExecutable</key>
	<string>WaikikiX</string>
	<key>CFBundleIconFile</key>
	<string>WaikikiX.icns</string>
	<key>CFBundleInfoDictionaryVersion</key>
	<string>6.0</string>
	<key>CFBundlePackageType</key>
	<string>APPL</string>
	<key>CFBundleSignature</key>
	<string>????</string>
	<key>CFBundleVersion</key>
	<string>0.1</string>
	<key>NSMainNibFile</key>
	<string>MainMenu</string>
	<key>NSPrincipalClass</key>
	<string>NSApplication</string>
</dict>
</plist>
";
		};
		29B97327FDCFA39411CA2CEA = {
			buildActionMask = 2147483647;
			files = (
				32CA4F650368D2AA00C91783,
				D4C0C2FF054BD23800000057,
			);
			isa = PBXHeadersBuildPhase;
			runOnlyForDeploymentPostprocessing = 0;
		};
		29B97328FDCFA39411CA2CEA = {
			buildActionMask = 2147483647;
			files = (
				080E96DCFE201CFB7F000001,
				089C165EFE840E0CC02AAC07,
				D4C0C322054D2D1200000057,
				D4CE31F4054D46DE00000057,
				D45D7FC5054D4C7D00000057,
				D45D8004054D539100000057,
				D4D5739B054E1AD100000057,
			);
			isa = PBXResourcesBuildPhase;
			runOnlyForDeploymentPostprocessing = 0;
		};
		29B9732BFDCFA39411CA2CEA = {
			buildActionMask = 2147483647;
			files = (
				29B9732CFDCFA39411CA2CEA,
				D4C0C300054BD23800000057,
			);
			isa = PBXSourcesBuildPhase;
			runOnlyForDeploymentPostprocessing = 0;
		};
		29B9732CFDCFA39411CA2CEA = {
			fileRef = 29B97316FDCFA39411CA2CEA;
			isa = PBXBuildFile;
			settings = {
				ATTRIBUTES = (
				);
			};
		};
		29B9732DFDCFA39411CA2CEA = {
			buildActionMask = 2147483647;
			files = (
				1058C7A3FEA54F0111CA2CBB,
			);
			isa = PBXFrameworksBuildPhase;
			runOnlyForDeploymentPostprocessing = 0;
		};
//290
//291
//292
//293
//294
//320
//321
//322
//323
//324
		32CA4F630368D1EE00C91783 = {
			fileEncoding = 4;
			isa = PBXFileReference;
			path = WaikikiX_Prefix.h;
			refType = 4;
		};
		32CA4F650368D2AA00C91783 = {
			fileRef = 32CA4F630368D1EE00C91783;
			isa = PBXBuildFile;
			settings = {
			};
		};
//320
//321
//322
//323
//324
//4A0
//4A1
//4A2
//4A3
//4A4
		4A9504CCFFE6A4B311CA0CBA = {
			buildRules = (
			);
			buildSettings = {
				COPY_PHASE_STRIP = NO;
				OPTIMIZATION_CFLAGS = "-O0";
			};
			isa = PBXBuildStyle;
			name = Development;
		};
		4A9504CDFFE6A4B311CA0CBA = {
			buildRules = (
			);
			buildSettings = {
				COPY_PHASE_STRIP = YES;
			};
			isa = PBXBuildStyle;
			name = Deployment;
		};
//4A0
//4A1
//4A2
//4A3
//4A4
//D40
//D41
//D42
//D43
//D44
		D45D7FC4054D4C7D00000057 = {
			isa = PBXFileReference;
			name = waikiki.ini;
			path = /Users/brion/src/wiki/waikiki/Waikiki/waikiki.ini;
			refType = 0;
		};
		D45D7FC5054D4C7D00000057 = {
			fileRef = D45D7FC4054D4C7D00000057;
			isa = PBXBuildFile;
			settings = {
			};
		};
		D45D7FC9054D511900000057 = {
			buildActionMask = 2147483647;
			files = (
				D45D7FED054D51FA00000057,
				D45D7FEF054D51FA00000057,
				D45D7FF1054D51FA00000057,
				D45D7FF3054D51FA00000057,
				D45D7FF5054D51FA00000057,
				D45D7FF7054D51FA00000057,
				D45D7FF9054D51FA00000057,
				D45D7FFC054D51FA00000057,
				D45D7FFE054D51FA00000057,
				D45D8000054D51FA00000057,
				D45D8002054D51FA00000057,
			);
			isa = PBXHeadersBuildPhase;
			runOnlyForDeploymentPostprocessing = 0;
		};
		D45D7FCA054D511900000057 = {
			buildActionMask = 2147483647;
			files = (
				D45D7FEB054D51FA00000057,
				D45D7FEC054D51FA00000057,
				D45D7FEE054D51FA00000057,
				D45D7FF0054D51FA00000057,
				D45D7FF2054D51FA00000057,
				D45D7FF4054D51FA00000057,
				D45D7FF6054D51FA00000057,
				D45D7FF8054D51FA00000057,
				D45D7FFA054D51FA00000057,
				D45D7FFB054D51FA00000057,
				D45D7FFD054D51FA00000057,
				D45D7FFF054D51FA00000057,
				D45D8001054D51FA00000057,
			);
			isa = PBXSourcesBuildPhase;
			runOnlyForDeploymentPostprocessing = 0;
		};
		D45D7FCB054D511900000057 = {
			buildActionMask = 2147483647;
			files = (
			);
			isa = PBXFrameworksBuildPhase;
			runOnlyForDeploymentPostprocessing = 0;
		};
		D45D7FCC054D511900000057 = {
			buildActionMask = 2147483647;
			files = (
			);
			isa = PBXRezBuildPhase;
			runOnlyForDeploymentPostprocessing = 0;
		};
		D45D7FCD054D511900000057 = {
			buildPhases = (
				D45D7FC9054D511900000057,
				D45D7FCA054D511900000057,
				D45D7FCB054D511900000057,
				D45D7FCC054D511900000057,
			);
			buildSettings = {
				OTHER_CFLAGS = "";
				OTHER_LDFLAGS = "-lsqlite";
				OTHER_REZFLAGS = "";
				PRODUCT_NAME = waikiki;
				REZ_EXECUTABLE = YES;
				SECTORDER_FLAGS = "";
				WARNING_CFLAGS = "-Wmost -Wno-four-char-constants -Wno-unknown-pragmas";
			};
			dependencies = (
			);
			isa = PBXToolTarget;
			name = waikiki;
			productInstallPath = /usr/local/bin;
			productName = waikiki;
			productReference = D45D7FCE054D511900000057;
		};
		D45D7FCE054D511900000057 = {
			isa = PBXExecutableFileReference;
			path = waikiki;
			refType = 3;
		};
		D45D7FD2054D519C00000057 = {
			children = (
				D45D7FD3054D51FA00000057,
				D45D7FD4054D51FA00000057,
				D45D7FD5054D51FA00000057,
				D45D7FD6054D51FA00000057,
				D45D7FD7054D51FA00000057,
				D45D7FD8054D51FA00000057,
				D45D7FD9054D51FA00000057,
				D45D7FDA054D51FA00000057,
				D45D7FDB054D51FA00000057,
				D45D7FDC054D51FA00000057,
				D45D7FDD054D51FA00000057,
				D45D7FDE054D51FA00000057,
				D45D7FDF054D51FA00000057,
				D45D7FE0054D51FA00000057,
				D45D7FE1054D51FA00000057,
				D45D7FE2054D51FA00000057,
				D45D7FE3054D51FA00000057,
				D45D7FE4054D51FA00000057,
				D45D7FE5054D51FA00000057,
				D45D7FE6054D51FA00000057,
				D45D7FE7054D51FA00000057,
				D45D7FE8054D51FA00000057,
				D45D7FE9054D51FA00000057,
				D45D7FEA054D51FA00000057,
			);
			isa = PBXGroup;
			name = "waikiki cgi";
			path = "";
			refType = 4;
		};
		D45D7FD3054D51FA00000057 = {
			fileEncoding = 30;
			isa = PBXFileReference;
			name = LanguageEN.cpp;
			path = /Users/brion/src/wiki/waikiki/Waikiki/LanguageEN.cpp;
			refType = 0;
		};
		D45D7FD4054D51FA00000057 = {
			fileEncoding = 30;
			isa = PBXFileReference;
			name = main.cpp;
			path = /Users/brion/src/wiki/waikiki/Waikiki/main.cpp;
			refType = 0;
		};
		D45D7FD5054D51FA00000057 = {
			fileEncoding = 30;
			isa = PBXFileReference;
			name = main.h;
			path = /Users/brion/src/wiki/waikiki/Waikiki/main.h;
			refType = 0;
		};
		D45D7FD6054D51FA00000057 = {
			fileEncoding = 30;
			isa = PBXFileReference;
			name = TArticle.cpp;
			path = /Users/brion/src/wiki/waikiki/Waikiki/TArticle.cpp;
			refType = 0;
		};
		D45D7FD7054D51FA00000057 = {
			fileEncoding = 30;
			isa = PBXFileReference;
			name = TArticle.h;
			path = /Users/brion/src/wiki/waikiki/Waikiki/TArticle.h;
			refType = 0;
		};
		D45D7FD8054D51FA00000057 = {
			fileEncoding = 30;
			isa = PBXFileReference;
			name = TDatabase.cpp;
			path = /Users/brion/src/wiki/waikiki/Waikiki/TDatabase.cpp;
			refType = 0;
		};
		D45D7FD9054D51FA00000057 = {
			fileEncoding = 30;
			isa = PBXFileReference;
			name = TDatabase.h;
			path = /Users/brion/src/wiki/waikiki/Waikiki/TDatabase.h;
			refType = 0;
		};
		D45D7FDA054D51FA00000057 = {
			fileEncoding = 30;
			isa = PBXFileReference;
			name = TLanguage.cpp;
			path = /Users/brion/src/wiki/waikiki/Waikiki/TLanguage.cpp;
			refType = 0;
		};
		D45D7FDB054D51FA00000057 = {
			fileEncoding = 30;
			isa = PBXFileReference;
			name = TLanguage.h;
			path = /Users/brion/src/wiki/waikiki/Waikiki/TLanguage.h;
			refType = 0;
		};
		D45D7FDC054D51FA00000057 = {
			fileEncoding = 30;
			isa = PBXFileReference;
			name = TOutput.cpp;
			path = /Users/brion/src/wiki/waikiki/Waikiki/TOutput.cpp;
			refType = 0;
		};
		D45D7FDD054D51FA00000057 = {
			fileEncoding = 30;
			isa = PBXFileReference;
			name = TOutput.h;
			path = /Users/brion/src/wiki/waikiki/Waikiki/TOutput.h;
			refType = 0;
		};
		D45D7FDE054D51FA00000057 = {
			fileEncoding = 30;
			isa = PBXFileReference;
			name = TParser.cpp;
			path = /Users/brion/src/wiki/waikiki/Waikiki/TParser.cpp;
			refType = 0;
		};
		D45D7FDF054D51FA00000057 = {
			fileEncoding = 30;
			isa = PBXFileReference;
			name = TParser.h;
			path = /Users/brion/src/wiki/waikiki/Waikiki/TParser.h;
			refType = 0;
		};
		D45D7FE0054D51FA00000057 = {
			fileEncoding = 30;
			isa = PBXFileReference;
			name = TSkin.cpp;
			path = /Users/brion/src/wiki/waikiki/Waikiki/TSkin.cpp;
			refType = 0;
		};
		D45D7FE1054D51FA00000057 = {
			fileEncoding = 30;
			isa = PBXFileReference;
			name = TSkin.h;
			path = /Users/brion/src/wiki/waikiki/Waikiki/TSkin.h;
			refType = 0;
		};
		D45D7FE2054D51FA00000057 = {
			fileEncoding = 30;
			isa = PBXFileReference;
			name = TSkinBlank.cpp;
			path = /Users/brion/src/wiki/waikiki/Waikiki/TSkinBlank.cpp;
			refType = 0;
		};
		D45D7FE3054D51FA00000057 = {
			fileEncoding = 30;
			isa = PBXFileReference;
			name = TSpecialPages.cpp;
			path = /Users/brion/src/wiki/waikiki/Waikiki/TSpecialPages.cpp;
			refType = 0;
		};
		D45D7FE4054D51FA00000057 = {
			fileEncoding = 30;
			isa = PBXFileReference;
			name = TSpecialPages.h;
			path = /Users/brion/src/wiki/waikiki/Waikiki/TSpecialPages.h;
			refType = 0;
		};
		D45D7FE5054D51FA00000057 = {
			fileEncoding = 30;
			isa = PBXFileReference;
			name = TTitle.cpp;
			path = /Users/brion/src/wiki/waikiki/Waikiki/TTitle.cpp;
			refType = 0;
		};
		D45D7FE6054D51FA00000057 = {
			fileEncoding = 30;
			isa = PBXFileReference;
			name = TTitle.h;
			path = /Users/brion/src/wiki/waikiki/Waikiki/TTitle.h;
			refType = 0;
		};
		D45D7FE7054D51FA00000057 = {
			fileEncoding = 30;
			isa = PBXFileReference;
			name = TUCS.cpp;
			path = /Users/brion/src/wiki/waikiki/Waikiki/TUCS.cpp;
			refType = 0;
		};
		D45D7FE8054D51FA00000057 = {
			fileEncoding = 30;
			isa = PBXFileReference;
			name = TUCS.h;
			path = /Users/brion/src/wiki/waikiki/Waikiki/TUCS.h;
			refType = 0;
		};
		D45D7FE9054D51FA00000057 = {
			fileEncoding = 30;
			isa = PBXFileReference;
			name = TUser.cpp;
			path = /Users/brion/src/wiki/waikiki/Waikiki/TUser.cpp;
			refType = 0;
		};
		D45D7FEA054D51FA00000057 = {
			fileEncoding = 30;
			isa = PBXFileReference;
			name = TUser.h;
			path = /Users/brion/src/wiki/waikiki/Waikiki/TUser.h;
			refType = 0;
		};
		D45D7FEB054D51FA00000057 = {
			fileRef = D45D7FD3054D51FA00000057;
			isa = PBXBuildFile;
			settings = {
			};
		};
		D45D7FEC054D51FA00000057 = {
			fileRef = D45D7FD4054D51FA00000057;
			isa = PBXBuildFile;
			settings = {
			};
		};
		D45D7FED054D51FA00000057 = {
			fileRef = D45D7FD5054D51FA00000057;
			isa = PBXBuildFile;
			settings = {
			};
		};
		D45D7FEE054D51FA00000057 = {
			fileRef = D45D7FD6054D51FA00000057;
			isa = PBXBuildFile;
			settings = {
			};
		};
		D45D7FEF054D51FA00000057 = {
			fileRef = D45D7FD7054D51FA00000057;
			isa = PBXBuildFile;
			settings = {
			};
		};
		D45D7FF0054D51FA00000057 = {
			fileRef = D45D7FD8054D51FA00000057;
			isa = PBXBuildFile;
			settings = {
			};
		};
		D45D7FF1054D51FA00000057 = {
			fileRef = D45D7FD9054D51FA00000057;
			isa = PBXBuildFile;
			settings = {
			};
		};
		D45D7FF2054D51FA00000057 = {
			fileRef = D45D7FDA054D51FA00000057;
			isa = PBXBuildFile;
			settings = {
			};
		};
		D45D7FF3054D51FA00000057 = {
			fileRef = D45D7FDB054D51FA00000057;
			isa = PBXBuildFile;
			settings = {
			};
		};
		D45D7FF4054D51FA00000057 = {
			fileRef = D45D7FDC054D51FA00000057;
			isa = PBXBuildFile;
			settings = {
			};
		};
		D45D7FF5054D51FA00000057 = {
			fileRef = D45D7FDD054D51FA00000057;
			isa = PBXBuildFile;
			settings = {
			};
		};
		D45D7FF6054D51FA00000057 = {
			fileRef = D45D7FDE054D51FA00000057;
			isa = PBXBuildFile;
			settings = {
			};
		};
		D45D7FF7054D51FA00000057 = {
			fileRef = D45D7FDF054D51FA00000057;
			isa = PBXBuildFile;
			settings = {
			};
		};
		D45D7FF8054D51FA00000057 = {
			fileRef = D45D7FE0054D51FA00000057;
			isa = PBXBuildFile;
			settings = {
			};
		};
		D45D7FF9054D51FA00000057 = {
			fileRef = D45D7FE1054D51FA00000057;
			isa = PBXBuildFile;
			settings = {
			};
		};
		D45D7FFA054D51FA00000057 = {
			fileRef = D45D7FE2054D51FA00000057;
			isa = PBXBuildFile;
			settings = {
			};
		};
		D45D7FFB054D51FA00000057 = {
			fileRef = D45D7FE3054D51FA00000057;
			isa = PBXBuildFile;
			settings = {
			};
		};
		D45D7FFC054D51FA00000057 = {
			fileRef = D45D7FE4054D51FA00000057;
			isa = PBXBuildFile;
			settings = {
			};
		};
		D45D7FFD054D51FA00000057 = {
			fileRef = D45D7FE5054D51FA00000057;
			isa = PBXBuildFile;
			settings = {
			};
		};
		D45D7FFE054D51FA00000057 = {
			fileRef = D45D7FE6054D51FA00000057;
			isa = PBXBuildFile;
			settings = {
			};
		};
		D45D7FFF054D51FA00000057 = {
			fileRef = D45D7FE7054D51FA00000057;
			isa = PBXBuildFile;
			settings = {
			};
		};
		D45D8000054D51FA00000057 = {
			fileRef = D45D7FE8054D51FA00000057;
			isa = PBXBuildFile;
			settings = {
			};
		};
		D45D8001054D51FA00000057 = {
			fileRef = D45D7FE9054D51FA00000057;
			isa = PBXBuildFile;
			settings = {
			};
		};
		D45D8002054D51FA00000057 = {
			fileRef = D45D7FEA054D51FA00000057;
			isa = PBXBuildFile;
			settings = {
			};
		};
		D45D8004054D539100000057 = {
			fileRef = D45D7FCE054D511900000057;
			isa = PBXBuildFile;
			settings = {
			};
		};
		D45F69EA0552090200FE6F31 = {
			fileEncoding = 30;
			isa = PBXFileReference;
			path = README.txt;
			refType = 4;
		};
		D4C0C2FD054BD23800000057 = {
			fileEncoding = 30;
			isa = PBXFileReference;
			path = WaikikiServerManager.h;
			refType = 4;
		};
		D4C0C2FE054BD23800000057 = {
			fileEncoding = 30;
			isa = PBXFileReference;
			path = WaikikiServerManager.m;
			refType = 4;
		};
		D4C0C2FF054BD23800000057 = {
			fileRef = D4C0C2FD054BD23800000057;
			isa = PBXBuildFile;
			settings = {
			};
		};
		D4C0C300054BD23800000057 = {
			fileRef = D4C0C2FE054BD23800000057;
			isa = PBXBuildFile;
			settings = {
			};
		};
		D4C0C321054D2D1200000057 = {
			isa = PBXFileReference;
			path = WaikikiX.icns;
			refType = 4;
		};
		D4C0C322054D2D1200000057 = {
			fileRef = D4C0C321054D2D1200000057;
			isa = PBXBuildFile;
			settings = {
			};
		};
		D4CE31EE054D46DE00000057 = {
			includeInIndex = 1;
			isa = PBXFolderReference;
			name = wiki;
			path = /Users/brion/src/wiki/waikiki/Waikiki/wiki;
			refType = 0;
		};
		D4CE31F4054D46DE00000057 = {
			fileRef = D4CE31EE054D46DE00000057;
			isa = PBXBuildFile;
			settings = {
			};
		};
		D4D5739A054E1AD100000057 = {
			isa = PBXFileReference;
			name = test.sqlite;
			path = /Users/brion/src/wiki/waikiki/Waikiki/test.sqlite;
			refType = 0;
		};
		D4D5739B054E1AD100000057 = {
			fileRef = D4D5739A054E1AD100000057;
			isa = PBXBuildFile;
			settings = {
			};
		};
	};
	rootObject = 29B97313FDCFA39411CA2CEA;
}
